
Microsoft Visual Studio Solution File, Format Version 12.00
# Visual Studio Version 16
VisualStudioVersion = 16.0.30611.23
MinimumVisualStudioVersion = 10.0.40219.1
Project("{FAE04EC0-301F-11D3-BF4B-00C04F79EFBC}") = "1_minimal_number", "1_minimal_number\1_minimal_number.csproj", "{72DFE7D1-9C01-48C3-B9F1-1B6E221C9FDD}"
EndProject
Project("{FAE04EC0-301F-11D3-BF4B-00C04F79EFBC}") = "2_maximal_number", "2_maximal_number\2_maximal_number.csproj", "{198D745A-ACE3-4682-8936-7FD6FD376904}"
EndProject
Project("{FAE04EC0-301F-11D3-BF4B-00C04F79EFBC}") = "4_index_max", "4_index_max\4_index_max.csproj", "{7C97398F-2854-4A39-A2F8-FF9342687DB8}"
EndProject
Project("{FAE04EC0-301F-11D3-BF4B-00C04F79EFBC}") = "3_index_min", "3_index_min\3_index_min.csproj", "{8CF17DDC-8242-421A-9A05-FA06B80CE6A7}"
EndProject
Project("{FAE04EC0-301F-11D3-BF4B-00C04F79EFBC}") = "5_sum_imp_index", "5_sum_imp_index\5_sum_imp_index.csproj", "{3A8D82D4-BD65-45E5-9FF9-3845C8136D8F}"
EndProject
Project("{FAE04EC0-301F-11D3-BF4B-00C04F79EFBC}") = "6_Reverse", "6_Reverse\6_Reverse.csproj", "{92B65103-3AD0-4C9B-9C92-1301C5BA384D}"
EndProject
Project("{FAE04EC0-301F-11D3-BF4B-00C04F79EFBC}") = "7_num_of_impair", "7_num_of_impair\7_num_of_impair.csproj", "{1DE35DE5-48E6-47BD-9916-1243D5170F76}"
EndProject
Global
	GlobalSection(SolutionConfigurationPlatforms) = preSolution
		Debug|Any CPU = Debug|Any CPU
		Release|Any CPU = Release|Any CPU
	EndGlobalSection
	GlobalSection(ProjectConfigurationPlatforms) = postSolution
		{72DFE7D1-9C01-48C3-B9F1-1B6E221C9FDD}.Debug|Any CPU.ActiveCfg = Debug|Any CPU
		{72DFE7D1-9C01-48C3-B9F1-1B6E221C9FDD}.Debug|Any CPU.Build.0 = Debug|Any CPU
		{72DFE7D1-9C01-48C3-B9F1-1B6E221C9FDD}.Release|Any CPU.ActiveCfg = Release|Any CPU
		{72DFE7D1-9C01-48C3-B9F1-1B6E221C9FDD}.Release|Any CPU.Build.0 = Release|Any CPU
		{198D745A-ACE3-4682-8936-7FD6FD376904}.Debug|Any CPU.ActiveCfg = Debug|Any CPU
		{198D745A-ACE3-4682-8936-7FD6FD376904}.Debug|Any CPU.Build.0 = Debug|Any CPU
		{198D745A-ACE3-4682-8936-7FD6FD376904}.Release|Any CPU.ActiveCfg = Release|Any CPU
		{198D745A-ACE3-4682-8936-7FD6FD376904}.Release|Any CPU.Build.0 = Release|Any CPU
		{7C97398F-2854-4A39-A2F8-FF9342687DB8}.Debug|Any CPU.ActiveCfg = Debug|Any CPU
		{7C97398F-2854-4A39-A2F8-FF9342687DB8}.Debug|Any CPU.Build.0 = Debug|Any CPU
		{7C97398F-2854-4A39-A2F8-FF9342687DB8}.Release|Any CPU.ActiveCfg = Release|Any CPU
		{7C97398F-2854-4A39-A2F8-FF9342687DB8}.Release|Any CPU.Build.0 = Release|Any CPU
		{8CF17DDC-8242-421A-9A05-FA06B80CE6A7}.Debug|Any CPU.ActiveCfg = Debug|Any CPU
		{8CF17DDC-8242-421A-9A05-FA06B80CE6A7}.Debug|Any CPU.Build.0 = Debug|Any CPU
		{8CF17DDC-8242-421A-9A05-FA06B80CE6A7}.Release|Any CPU.ActiveCfg = Release|Any CPU
		{8CF17DDC-8242-421A-9A05-FA06B80CE6A7}.Release|Any CPU.Build.0 = Release|Any CPU
		{3A8D82D4-BD65-45E5-9FF9-3845C8136D8F}.Debug|Any CPU.ActiveCfg = Debug|Any CPU
		{3A8D82D4-BD65-45E5-9FF9-3845C8136D8F}.Debug|Any CPU.Build.0 = Debug|Any CPU
		{3A8D82D4-BD65-45E5-9FF9-3845C8136D8F}.Release|Any CPU.ActiveCfg = Release|Any CPU
		{3A8D82D4-BD65-45E5-9FF9-3845C8136D8F}.Release|Any CPU.Build.0 = Release|Any CPU
		{92B65103-3AD0-4C9B-9C92-1301C5BA384D}.Debug|Any CPU.ActiveCfg = Debug|Any CPU
		{92B65103-3AD0-4C9B-9C92-1301C5BA384D}.Debug|Any CPU.Build.0 = Debug|Any CPU
		{92B65103-3AD0-4C9B-9C92-1301C5BA384D}.Release|Any CPU.ActiveCfg = Release|Any CPU
		{92B65103-3AD0-4C9B-9C92-1301C5BA384D}.Release|Any CPU.Build.0 = Release|Any CPU
		{1DE35DE5-48E6-47BD-9916-1243D5170F76}.Debug|Any CPU.ActiveCfg = Debug|Any CPU
		{1DE35DE5-48E6-47BD-9916-1243D5170F76}.Debug|Any CPU.Build.0 = Debug|Any CPU
		{1DE35DE5-48E6-47BD-9916-1243D5170F76}.Release|Any CPU.ActiveCfg = Release|Any CPU
		{1DE35DE5-48E6-47BD-9916-1243D5170F76}.Release|Any CPU.Build.0 = Release|Any CPU
	EndGlobalSection
	GlobalSection(SolutionProperties) = preSolution
		HideSolutionNode = FALSE
	EndGlobalSection
	GlobalSection(ExtensibilityGlobals) = postSolution
		SolutionGuid = {104838DB-3FDB-4804-8735-01CCABB1455C}
	EndGlobalSection
EndGlobal
