
Microsoft Visual Studio Solution File, Format Version 12.00
# Visual Studio Version 16
VisualStudioVersion = 16.0.30611.23
MinimumVisualStudioVersion = 10.0.40219.1
Project("{FAE04EC0-301F-11D3-BF4B-00C04F79EFBC}") = "1_min_num", "1_min_num\1_min_num.csproj", "{7DEC7239-CE00-41B2-9B58-CEAF80057B08}"
EndProject
Project("{FAE04EC0-301F-11D3-BF4B-00C04F79EFBC}") = "2_max_num", "2_max_num\2_max_num.csproj", "{54AF1AB7-3A57-4B71-8BF7-4B917A20B580}"
EndProject
Project("{FAE04EC0-301F-11D3-BF4B-00C04F79EFBC}") = "3_index_min", "3_index_min\3_index_min.csproj", "{44188857-D3C9-4ABA-829C-6B0E6B23D26D}"
EndProject
Project("{FAE04EC0-301F-11D3-BF4B-00C04F79EFBC}") = "4_index_max", "4_index_max\4_index_max.csproj", "{371E6F2C-D520-42D9-8D5A-8A7821DE1B36}"
EndProject
Project("{FAE04EC0-301F-11D3-BF4B-00C04F79EFBC}") = "5_local_max", "5_local_max\5_local_max.csproj", "{A63803B2-8F7C-4E5B-9701-F59F7914B6B8}"
EndProject
Project("{FAE04EC0-301F-11D3-BF4B-00C04F79EFBC}") = "6_arr_reflection", "6_arr_reflection\6_arr_reflection.csproj", "{9127B6ED-F0D7-406A-ADE7-0405FDE57ADD}"
EndProject
Global
	GlobalSection(SolutionConfigurationPlatforms) = preSolution
		Debug|Any CPU = Debug|Any CPU
		Release|Any CPU = Release|Any CPU
	EndGlobalSection
	GlobalSection(ProjectConfigurationPlatforms) = postSolution
		{7DEC7239-CE00-41B2-9B58-CEAF80057B08}.Debug|Any CPU.ActiveCfg = Debug|Any CPU
		{7DEC7239-CE00-41B2-9B58-CEAF80057B08}.Debug|Any CPU.Build.0 = Debug|Any CPU
		{7DEC7239-CE00-41B2-9B58-CEAF80057B08}.Release|Any CPU.ActiveCfg = Release|Any CPU
		{7DEC7239-CE00-41B2-9B58-CEAF80057B08}.Release|Any CPU.Build.0 = Release|Any CPU
		{54AF1AB7-3A57-4B71-8BF7-4B917A20B580}.Debug|Any CPU.ActiveCfg = Debug|Any CPU
		{54AF1AB7-3A57-4B71-8BF7-4B917A20B580}.Debug|Any CPU.Build.0 = Debug|Any CPU
		{54AF1AB7-3A57-4B71-8BF7-4B917A20B580}.Release|Any CPU.ActiveCfg = Release|Any CPU
		{54AF1AB7-3A57-4B71-8BF7-4B917A20B580}.Release|Any CPU.Build.0 = Release|Any CPU
		{44188857-D3C9-4ABA-829C-6B0E6B23D26D}.Debug|Any CPU.ActiveCfg = Debug|Any CPU
		{44188857-D3C9-4ABA-829C-6B0E6B23D26D}.Debug|Any CPU.Build.0 = Debug|Any CPU
		{44188857-D3C9-4ABA-829C-6B0E6B23D26D}.Release|Any CPU.ActiveCfg = Release|Any CPU
		{44188857-D3C9-4ABA-829C-6B0E6B23D26D}.Release|Any CPU.Build.0 = Release|Any CPU
		{371E6F2C-D520-42D9-8D5A-8A7821DE1B36}.Debug|Any CPU.ActiveCfg = Debug|Any CPU
		{371E6F2C-D520-42D9-8D5A-8A7821DE1B36}.Debug|Any CPU.Build.0 = Debug|Any CPU
		{371E6F2C-D520-42D9-8D5A-8A7821DE1B36}.Release|Any CPU.ActiveCfg = Release|Any CPU
		{371E6F2C-D520-42D9-8D5A-8A7821DE1B36}.Release|Any CPU.Build.0 = Release|Any CPU
		{A63803B2-8F7C-4E5B-9701-F59F7914B6B8}.Debug|Any CPU.ActiveCfg = Debug|Any CPU
		{A63803B2-8F7C-4E5B-9701-F59F7914B6B8}.Debug|Any CPU.Build.0 = Debug|Any CPU
		{A63803B2-8F7C-4E5B-9701-F59F7914B6B8}.Release|Any CPU.ActiveCfg = Release|Any CPU
		{A63803B2-8F7C-4E5B-9701-F59F7914B6B8}.Release|Any CPU.Build.0 = Release|Any CPU
		{9127B6ED-F0D7-406A-ADE7-0405FDE57ADD}.Debug|Any CPU.ActiveCfg = Debug|Any CPU
		{9127B6ED-F0D7-406A-ADE7-0405FDE57ADD}.Debug|Any CPU.Build.0 = Debug|Any CPU
		{9127B6ED-F0D7-406A-ADE7-0405FDE57ADD}.Release|Any CPU.ActiveCfg = Release|Any CPU
		{9127B6ED-F0D7-406A-ADE7-0405FDE57ADD}.Release|Any CPU.Build.0 = Release|Any CPU
	EndGlobalSection
	GlobalSection(SolutionProperties) = preSolution
		HideSolutionNode = FALSE
	EndGlobalSection
	GlobalSection(ExtensibilityGlobals) = postSolution
		SolutionGuid = {E30092F8-B53B-467E-B59C-F5FA97E785EC}
	EndGlobalSection
EndGlobal
